
Microsoft Visual Studio Solution File, Format Version 12.00
# Visual Studio Version 17
VisualStudioVersion = 17.5.002.0
MinimumVisualStudioVersion = 10.0.40219.1
Project("{9A19103F-16F7-4668-BE54-9A1E7A4F7556}") = "OrderViewer", "OrderViewer\OrderViewer.csproj", "{57DB65D5-69D7-47BE-ADB1-E5749CEFD515}"
EndProject
Global
	GlobalSection(SolutionConfigurationPlatforms) = preSolution
		Debug|Any CPU = Debug|Any CPU
		Release|Any CPU = Release|Any CPU
	EndGlobalSection
	GlobalSection(ProjectConfigurationPlatforms) = postSolution
		{57DB65D5-69D7-47BE-ADB1-E5749CEFD515}.Debug|Any CPU.ActiveCfg = Debug|Any CPU
		{57DB65D5-69D7-47BE-ADB1-E5749CEFD515}.Debug|Any CPU.Build.0 = Debug|Any CPU
		{57DB65D5-69D7-47BE-ADB1-E5749CEFD515}.Release|Any CPU.ActiveCfg = Release|Any CPU
		{57DB65D5-69D7-47BE-ADB1-E5749CEFD515}.Release|Any CPU.Build.0 = Release|Any CPU
	EndGlobalSection
	GlobalSection(SolutionProperties) = preSolution
		HideSolutionNode = FALSE
	EndGlobalSection
	GlobalSection(ExtensibilityGlobals) = postSolution
		SolutionGuid = {2015834A-20A4-4D75-AC14-4CB87B644454}
	EndGlobalSection
EndGlobal
